{
  "version": 4,
  "terraform_version": "1.7.5",
  "serial": 22,
  "lineage": "01d667c8-5edd-16d0-1094-6b24d390e241",
  "outputs": {},
  "resources": [
    {
      "mode": "managed",
      "type": "aws_codeartifact_domain",
      "name": "codeartifact-mc-components-domain",
      "provider": "provider[\"registry.terraform.io/hashicorp/aws\"]",
      "instances": [
        {
          "schema_version": 0,
          "attributes": {
            "arn": "arn:aws:codeartifact:us-east-1:252355243038:domain/mc-components",
            "asset_size_bytes": "0",
            "created_time": "2024-04-03T22:09:39Z",
            "domain": "mc-components",
            "encryption_key": "arn:aws:kms:us-east-1:252355243038:key/56d72301-0347-4bbc-b0ea-da6c17afa5df",
            "id": "arn:aws:codeartifact:us-east-1:252355243038:domain/mc-components",
            "owner": "252355243038",
            "repository_count": 0,
            "s3_bucket_arn": "arn:aws:s3:::assets-193858265520-us-east-1",
            "tags": null,
            "tags_all": {}
          },
          "sensitive_attributes": [],
          "private": "bnVsbA==",
          "dependencies": [
            "aws_kms_key.kms-mc-components-codeartifact"
          ]
        }
      ]
    },
    {
      "mode": "managed",
      "type": "aws_codeartifact_repository",
      "name": "codeartifact-mc-components-main-repository",
      "provider": "provider[\"registry.terraform.io/hashicorp/aws\"]",
      "instances": [
        {
          "schema_version": 0,
          "attributes": {
            "administrator_account": "252355243038",
            "arn": "arn:aws:codeartifact:us-east-1:252355243038:repository/mc-components/main",
            "description": "",
            "domain": "mc-components",
            "domain_owner": "252355243038",
            "external_connections": [],
            "id": "arn:aws:codeartifact:us-east-1:252355243038:repository/mc-components/main",
            "repository": "main",
            "tags": null,
            "tags_all": {},
            "upstream": []
          },
          "sensitive_attributes": [],
          "private": "bnVsbA==",
          "dependencies": [
            "aws_codeartifact_domain.codeartifact-mc-components-domain",
            "aws_kms_key.kms-mc-components-codeartifact"
          ]
        }
      ]
    },
    {
      "mode": "managed",
      "type": "aws_kms_key",
      "name": "kms-mc-components-codeartifact",
      "provider": "provider[\"registry.terraform.io/hashicorp/aws\"]",
      "instances": [
        {
          "schema_version": 0,
          "attributes": {
            "arn": "arn:aws:kms:us-east-1:252355243038:key/56d72301-0347-4bbc-b0ea-da6c17afa5df",
            "bypass_policy_lockout_safety_check": false,
            "custom_key_store_id": "",
            "customer_master_key_spec": "SYMMETRIC_DEFAULT",
            "deletion_window_in_days": null,
            "description": "registry domain key",
            "enable_key_rotation": false,
            "id": "56d72301-0347-4bbc-b0ea-da6c17afa5df",
            "is_enabled": true,
            "key_id": "56d72301-0347-4bbc-b0ea-da6c17afa5df",
            "key_usage": "ENCRYPT_DECRYPT",
            "multi_region": false,
            "policy": "{\"Id\":\"key-default-1\",\"Statement\":[{\"Action\":\"kms:*\",\"Effect\":\"Allow\",\"Principal\":{\"AWS\":\"arn:aws:iam::252355243038:root\"},\"Resource\":\"*\",\"Sid\":\"Enable IAM User Permissions\"}],\"Version\":\"2012-10-17\"}",
            "tags": null,
            "tags_all": {},
            "timeouts": null,
            "xks_key_id": ""
          },
          "sensitive_attributes": [],
          "private": "eyJlMmJmYjczMC1lY2FhLTExZTYtOGY4OC0zNDM2M2JjN2M0YzAiOnsiY3JlYXRlIjoxMjAwMDAwMDAwMDB9fQ=="
        }
      ]
    }
  ],
  "check_results": null
}
